
Microsoft Visual Studio Solution File, Format Version 12.00
# Visual Studio 15
VisualStudioVersion = 15.0.27004.2009
MinimumVisualStudioVersion = 10.0.40219.1
Project("{FAE04EC0-301F-11D3-BF4B-00C04F79EFBC}") = "NeelImageDetectionBot", "NeelImageDetectionBot\NeelImageDetectionBot.csproj", "{5E19DB72-91EB-4DB5-9CC9-1786D8EA8C47}"
EndProject
Global
	GlobalSection(SolutionConfigurationPlatforms) = preSolution
		Debug|Any CPU = Debug|Any CPU
		Release|Any CPU = Release|Any CPU
	EndGlobalSection
	GlobalSection(ProjectConfigurationPlatforms) = postSolution
		{5E19DB72-91EB-4DB5-9CC9-1786D8EA8C47}.Debug|Any CPU.ActiveCfg = Debug|Any CPU
		{5E19DB72-91EB-4DB5-9CC9-1786D8EA8C47}.Debug|Any CPU.Build.0 = Debug|Any CPU
		{5E19DB72-91EB-4DB5-9CC9-1786D8EA8C47}.Release|Any CPU.ActiveCfg = Release|Any CPU
		{5E19DB72-91EB-4DB5-9CC9-1786D8EA8C47}.Release|Any CPU.Build.0 = Release|Any CPU
	EndGlobalSection
	GlobalSection(SolutionProperties) = preSolution
		HideSolutionNode = FALSE
	EndGlobalSection
	GlobalSection(ExtensibilityGlobals) = postSolution
		SolutionGuid = {8E2C2B8F-59C0-4881-B4AB-1B4FBAFE111D}
	EndGlobalSection
EndGlobal
